// !$*UTF8*$!
{
	archiveVersion = 1;
	classes = {
	};
	objectVersion = 46;
	objects = {

/* Begin PBXBuildFile section */
		579AB5955FBC3E5AECDAB2EC /* Pods_EhouCompass.framework in Frameworks */ = {isa = PBXBuildFile; fileRef = 5B701696FADD5DFE1798CB36 /* Pods_EhouCompass.framework */; };
		77A7C0076F132D9AEEB23754 /* libPods-EhouCompassUITests.a in Frameworks */ = {isa = PBXBuildFile; fileRef = E57B5D0BD6439B8D80456733 /* libPods-EhouCompassUITests.a */; };
		8F58F2BF1C47DEA800542E34 /* AppDelegate.swift in Sources */ = {isa = PBXBuildFile; fileRef = 8F58F2BE1C47DEA800542E34 /* AppDelegate.swift */; };
		8F58F2C11C47DEA800542E34 /* ViewController.swift in Sources */ = {isa = PBXBuildFile; fileRef = 8F58F2C01C47DEA800542E34 /* ViewController.swift */; };
		8F58F2C41C47DEA800542E34 /* Main.storyboard in Resources */ = {isa = PBXBuildFile; fileRef = 8F58F2C21C47DEA800542E34 /* Main.storyboard */; };
		8F58F2C61C47DEA800542E34 /* Assets.xcassets in Resources */ = {isa = PBXBuildFile; fileRef = 8F58F2C51C47DEA800542E34 /* Assets.xcassets */; };
		8F58F2C91C47DEA800542E34 /* LaunchScreen.storyboard in Resources */ = {isa = PBXBuildFile; fileRef = 8F58F2C71C47DEA800542E34 /* LaunchScreen.storyboard */; };
		8F58F2ED1C47E10200542E34 /* CoreLocation.framework in Frameworks */ = {isa = PBXBuildFile; fileRef = 8F58F2EC1C47E10100542E34 /* CoreLocation.framework */; };
		8F58F2F01C47E80B00542E34 /* Empty.m in Sources */ = {isa = PBXBuildFile; fileRef = 8F58F2EF1C47E80B00542E34 /* Empty.m */; };
		8F58F2F21C493C9300542E34 /* SettingViewController.swift in Sources */ = {isa = PBXBuildFile; fileRef = 8F58F2F11C493C9300542E34 /* SettingViewController.swift */; };
		8F58F2F51C4A177800542E34 /* SparkParticle.sks in Resources */ = {isa = PBXBuildFile; fileRef = 8F58F2F31C4A177800542E34 /* SparkParticle.sks */; };
		8F58F2F61C4A177800542E34 /* spark.png in Resources */ = {isa = PBXBuildFile; fileRef = 8F58F2F41C4A177800542E34 /* spark.png */; };
		8FC4AE641C50F5C4009535CE /* SpriteScene.sks in Resources */ = {isa = PBXBuildFile; fileRef = 8FC4AE631C50F5C3009535CE /* SpriteScene.sks */; };
		8FFE9BAEBB428A79C407F94A /* libPods-EhouCompassTests.a in Frameworks */ = {isa = PBXBuildFile; fileRef = 5FED905FB276C5E8C3C8820A /* libPods-EhouCompassTests.a */; };
		DB27D5631E1602F400B2895F /* GoogleService-Info.plist in Resources */ = {isa = PBXBuildFile; fileRef = DB27D5621E1602F400B2895F /* GoogleService-Info.plist */; };
		DB27D5651E16432300B2895F /* ActivityViewController.swift in Sources */ = {isa = PBXBuildFile; fileRef = DB27D5641E16432300B2895F /* ActivityViewController.swift */; };
		DB27D5671E1643E200B2895F /* SpriteScene.swift in Sources */ = {isa = PBXBuildFile; fileRef = DB27D5661E1643E200B2895F /* SpriteScene.swift */; };
		DB27D5691E1648E500B2895F /* InterstitialController.swift in Sources */ = {isa = PBXBuildFile; fileRef = DB27D5681E1648E500B2895F /* InterstitialController.swift */; };
		DB27D56B1E16523D00B2895F /* ADCheckManager.swift in Sources */ = {isa = PBXBuildFile; fileRef = DB27D56A1E16523D00B2895F /* ADCheckManager.swift */; };
		DB42A6591E3C758F00BF32D8 /* SpeechController.swift in Sources */ = {isa = PBXBuildFile; fileRef = DB42A6581E3C758F00BF32D8 /* SpeechController.swift */; };
/* End PBXBuildFile section */

/* Begin PBXContainerItemProxy section */
		8F58F2D01C47DEA900542E34 /* PBXContainerItemProxy */ = {
			isa = PBXContainerItemProxy;
			containerPortal = 8F58F2B31C47DEA800542E34 /* Project object */;
			proxyType = 1;
			remoteGlobalIDString = 8F58F2BA1C47DEA800542E34;
			remoteInfo = EhouCompass;
		};
		8F58F2DB1C47DEA900542E34 /* PBXContainerItemProxy */ = {
			isa = PBXContainerItemProxy;
			containerPortal = 8F58F2B31C47DEA800542E34 /* Project object */;
			proxyType = 1;
			remoteGlobalIDString = 8F58F2BA1C47DEA800542E34;
			remoteInfo = EhouCompass;
		};
/* End PBXContainerItemProxy section */

/* Begin PBXFileReference section */
		5B701696FADD5DFE1798CB36 /* Pods_EhouCompass.framework */ = {isa = PBXFileReference; explicitFileType = wrapper.framework; includeInIndex = 0; path = Pods_EhouCompass.framework; sourceTree = BUILT_PRODUCTS_DIR; };
		5FED905FB276C5E8C3C8820A /* libPods-EhouCompassTests.a */ = {isa = PBXFileReference; explicitFileType = archive.ar; includeInIndex = 0; path = "libPods-EhouCompassTests.a"; sourceTree = BUILT_PRODUCTS_DIR; };
		8F58F2BB1C47DEA800542E34 /* EhouCompass.app */ = {isa = PBXFileReference; explicitFileType = wrapper.application; includeInIndex = 0; path = EhouCompass.app; sourceTree = BUILT_PRODUCTS_DIR; };
		8F58F2BE1C47DEA800542E34 /* AppDelegate.swift */ = {isa = PBXFileReference; lastKnownFileType = sourcecode.swift; path = AppDelegate.swift; sourceTree = "<group>"; };
		8F58F2C01C47DEA800542E34 /* ViewController.swift */ = {isa = PBXFileReference; lastKnownFileType = sourcecode.swift; path = ViewController.swift; sourceTree = "<group>"; };
		8F58F2C31C47DEA800542E34 /* Base */ = {isa = PBXFileReference; lastKnownFileType = file.storyboard; name = Base; path = Base.lproj/Main.storyboard; sourceTree = "<group>"; };
		8F58F2C51C47DEA800542E34 /* Assets.xcassets */ = {isa = PBXFileReference; lastKnownFileType = folder.assetcatalog; path = Assets.xcassets; sourceTree = "<group>"; };
		8F58F2C81C47DEA800542E34 /* Base */ = {isa = PBXFileReference; lastKnownFileType = file.storyboard; name = Base; path = Base.lproj/LaunchScreen.storyboard; sourceTree = "<group>"; };
		8F58F2CA1C47DEA800542E34 /* Info.plist */ = {isa = PBXFileReference; lastKnownFileType = text.plist.xml; path = Info.plist; sourceTree = "<group>"; };
		8F58F2CF1C47DEA900542E34 /* EhouCompassTests.xctest */ = {isa = PBXFileReference; explicitFileType = wrapper.cfbundle; includeInIndex = 0; path = EhouCompassTests.xctest; sourceTree = BUILT_PRODUCTS_DIR; };
		8F58F2DA1C47DEA900542E34 /* EhouCompassUITests.xctest */ = {isa = PBXFileReference; explicitFileType = wrapper.cfbundle; includeInIndex = 0; path = EhouCompassUITests.xctest; sourceTree = BUILT_PRODUCTS_DIR; };
		8F58F2EC1C47E10100542E34 /* CoreLocation.framework */ = {isa = PBXFileReference; lastKnownFileType = wrapper.framework; name = CoreLocation.framework; path = System/Library/Frameworks/CoreLocation.framework; sourceTree = SDKROOT; };
		8F58F2EE1C47E80B00542E34 /* EhouCompass-Bridging-Header.h */ = {isa = PBXFileReference; lastKnownFileType = sourcecode.c.h; path = "EhouCompass-Bridging-Header.h"; sourceTree = "<group>"; };
		8F58F2EF1C47E80B00542E34 /* Empty.m */ = {isa = PBXFileReference; fileEncoding = 4; lastKnownFileType = sourcecode.c.objc; path = Empty.m; sourceTree = "<group>"; };
		8F58F2F11C493C9300542E34 /* SettingViewController.swift */ = {isa = PBXFileReference; fileEncoding = 4; lastKnownFileType = sourcecode.swift; path = SettingViewController.swift; sourceTree = "<group>"; };
		8F58F2F31C4A177800542E34 /* SparkParticle.sks */ = {isa = PBXFileReference; lastKnownFileType = file.sks; path = SparkParticle.sks; sourceTree = "<group>"; };
		8F58F2F41C4A177800542E34 /* spark.png */ = {isa = PBXFileReference; lastKnownFileType = image.png; path = spark.png; sourceTree = "<group>"; };
		8FC4AE631C50F5C3009535CE /* SpriteScene.sks */ = {isa = PBXFileReference; lastKnownFileType = file.sks; path = SpriteScene.sks; sourceTree = "<group>"; };
		99B43D13874D6AF3A52104F5 /* Pods-EhouCompassTests.debug.xcconfig */ = {isa = PBXFileReference; includeInIndex = 1; lastKnownFileType = text.xcconfig; name = "Pods-EhouCompassTests.debug.xcconfig"; path = "Pods/Target Support Files/Pods-EhouCompassTests/Pods-EhouCompassTests.debug.xcconfig"; sourceTree = "<group>"; };
		CD5E9388893ACFA30837364C /* Pods-EhouCompassUITests.debug.xcconfig */ = {isa = PBXFileReference; includeInIndex = 1; lastKnownFileType = text.xcconfig; name = "Pods-EhouCompassUITests.debug.xcconfig"; path = "Pods/Target Support Files/Pods-EhouCompassUITests/Pods-EhouCompassUITests.debug.xcconfig"; sourceTree = "<group>"; };
		D26BB0ABE2EA6FF25686216A /* Pods-EhouCompass.debug.xcconfig */ = {isa = PBXFileReference; includeInIndex = 1; lastKnownFileType = text.xcconfig; name = "Pods-EhouCompass.debug.xcconfig"; path = "Pods/Target Support Files/Pods-EhouCompass/Pods-EhouCompass.debug.xcconfig"; sourceTree = "<group>"; };
		DA1A87973F1CC66F7CE4973F /* Pods-EhouCompassUITests.release.xcconfig */ = {isa = PBXFileReference; includeInIndex = 1; lastKnownFileType = text.xcconfig; name = "Pods-EhouCompassUITests.release.xcconfig"; path = "Pods/Target Support Files/Pods-EhouCompassUITests/Pods-EhouCompassUITests.release.xcconfig"; sourceTree = "<group>"; };
		DB265170031A7891F0FF829F /* Pods-EhouCompassTests.release.xcconfig */ = {isa = PBXFileReference; includeInIndex = 1; lastKnownFileType = text.xcconfig; name = "Pods-EhouCompassTests.release.xcconfig"; path = "Pods/Target Support Files/Pods-EhouCompassTests/Pods-EhouCompassTests.release.xcconfig"; sourceTree = "<group>"; };
		DB27D5621E1602F400B2895F /* GoogleService-Info.plist */ = {isa = PBXFileReference; fileEncoding = 4; lastKnownFileType = text.plist.xml; path = "GoogleService-Info.plist"; sourceTree = "<group>"; };
		DB27D5641E16432300B2895F /* ActivityViewController.swift */ = {isa = PBXFileReference; fileEncoding = 4; lastKnownFileType = sourcecode.swift; path = ActivityViewController.swift; sourceTree = "<group>"; };
		DB27D5661E1643E200B2895F /* SpriteScene.swift */ = {isa = PBXFileReference; fileEncoding = 4; lastKnownFileType = sourcecode.swift; path = SpriteScene.swift; sourceTree = "<group>"; };
		DB27D5681E1648E500B2895F /* InterstitialController.swift */ = {isa = PBXFileReference; fileEncoding = 4; lastKnownFileType = sourcecode.swift; path = InterstitialController.swift; sourceTree = "<group>"; };
		DB27D56A1E16523D00B2895F /* ADCheckManager.swift */ = {isa = PBXFileReference; fileEncoding = 4; lastKnownFileType = sourcecode.swift; path = ADCheckManager.swift; sourceTree = "<group>"; };
		DB42A6581E3C758F00BF32D8 /* SpeechController.swift */ = {isa = PBXFileReference; fileEncoding = 4; lastKnownFileType = sourcecode.swift; path = SpeechController.swift; sourceTree = "<group>"; };
		E57B5D0BD6439B8D80456733 /* libPods-EhouCompassUITests.a */ = {isa = PBXFileReference; explicitFileType = archive.ar; includeInIndex = 0; path = "libPods-EhouCompassUITests.a"; sourceTree = BUILT_PRODUCTS_DIR; };
		FD6ABF209AA2D0F2D122A826 /* Pods-EhouCompass.release.xcconfig */ = {isa = PBXFileReference; includeInIndex = 1; lastKnownFileType = text.xcconfig; name = "Pods-EhouCompass.release.xcconfig"; path = "Pods/Target Support Files/Pods-EhouCompass/Pods-EhouCompass.release.xcconfig"; sourceTree = "<group>"; };
/* End PBXFileReference section */

/* Begin PBXFrameworksBuildPhase section */
		8F58F2B81C47DEA800542E34 /* Frameworks */ = {
			isa = PBXFrameworksBuildPhase;
			buildActionMask = 2147483647;
			files = (
				8F58F2ED1C47E10200542E34 /* CoreLocation.framework in Frameworks */,
				579AB5955FBC3E5AECDAB2EC /* Pods_EhouCompass.framework in Frameworks */,
			);
			runOnlyForDeploymentPostprocessing = 0;
		};
		8F58F2CC1C47DEA900542E34 /* Frameworks */ = {
			isa = PBXFrameworksBuildPhase;
			buildActionMask = 2147483647;
			files = (
				8FFE9BAEBB428A79C407F94A /* libPods-EhouCompassTests.a in Frameworks */,
			);
			runOnlyForDeploymentPostprocessing = 0;
		};
		8F58F2D71C47DEA900542E34 /* Frameworks */ = {
			isa = PBXFrameworksBuildPhase;
			buildActionMask = 2147483647;
			files = (
				77A7C0076F132D9AEEB23754 /* libPods-EhouCompassUITests.a in Frameworks */,
			);
			runOnlyForDeploymentPostprocessing = 0;
		};
/* End PBXFrameworksBuildPhase section */

/* Begin PBXGroup section */
		8A5CAB7BD05DC4BC712AA164 /* Pods */ = {
			isa = PBXGroup;
			children = (
				D26BB0ABE2EA6FF25686216A /* Pods-EhouCompass.debug.xcconfig */,
				FD6ABF209AA2D0F2D122A826 /* Pods-EhouCompass.release.xcconfig */,
				99B43D13874D6AF3A52104F5 /* Pods-EhouCompassTests.debug.xcconfig */,
				DB265170031A7891F0FF829F /* Pods-EhouCompassTests.release.xcconfig */,
				CD5E9388893ACFA30837364C /* Pods-EhouCompassUITests.debug.xcconfig */,
				DA1A87973F1CC66F7CE4973F /* Pods-EhouCompassUITests.release.xcconfig */,
			);
			name = Pods;
			sourceTree = "<group>";
		};
		8F58F2B21C47DEA800542E34 = {
			isa = PBXGroup;
			children = (
				8F58F2EC1C47E10100542E34 /* CoreLocation.framework */,
				8F58F2BD1C47DEA800542E34 /* EhouCompass */,
				8F58F2BC1C47DEA800542E34 /* Products */,
				8A5CAB7BD05DC4BC712AA164 /* Pods */,
				9065608A5E1B857D1E336226 /* Frameworks */,
			);
			sourceTree = "<group>";
		};
		8F58F2BC1C47DEA800542E34 /* Products */ = {
			isa = PBXGroup;
			children = (
				8F58F2BB1C47DEA800542E34 /* EhouCompass.app */,
				8F58F2CF1C47DEA900542E34 /* EhouCompassTests.xctest */,
				8F58F2DA1C47DEA900542E34 /* EhouCompassUITests.xctest */,
			);
			name = Products;
			sourceTree = "<group>";
		};
		8F58F2BD1C47DEA800542E34 /* EhouCompass */ = {
			isa = PBXGroup;
			children = (
				8F58F2BE1C47DEA800542E34 /* AppDelegate.swift */,
				8F58F2C01C47DEA800542E34 /* ViewController.swift */,
				8F58F2C21C47DEA800542E34 /* Main.storyboard */,
				8F58F2C51C47DEA800542E34 /* Assets.xcassets */,
				8F58F2C71C47DEA800542E34 /* LaunchScreen.storyboard */,
				8F58F2CA1C47DEA800542E34 /* Info.plist */,
				8F58F2EF1C47E80B00542E34 /* Empty.m */,
				8F58F2EE1C47E80B00542E34 /* EhouCompass-Bridging-Header.h */,
				8F58F2F11C493C9300542E34 /* SettingViewController.swift */,
				8F58F2F31C4A177800542E34 /* SparkParticle.sks */,
				8FC4AE631C50F5C3009535CE /* SpriteScene.sks */,
				8F58F2F41C4A177800542E34 /* spark.png */,
				DB27D5621E1602F400B2895F /* GoogleService-Info.plist */,
				DB27D5641E16432300B2895F /* ActivityViewController.swift */,
				DB27D5661E1643E200B2895F /* SpriteScene.swift */,
				DB27D5681E1648E500B2895F /* InterstitialController.swift */,
				DB27D56A1E16523D00B2895F /* ADCheckManager.swift */,
				DB42A6581E3C758F00BF32D8 /* SpeechController.swift */,
			);
			path = EhouCompass;
			sourceTree = "<group>";
		};
		9065608A5E1B857D1E336226 /* Frameworks */ = {
			isa = PBXGroup;
			children = (
				5FED905FB276C5E8C3C8820A /* libPods-EhouCompassTests.a */,
				E57B5D0BD6439B8D80456733 /* libPods-EhouCompassUITests.a */,
				5B701696FADD5DFE1798CB36 /* Pods_EhouCompass.framework */,
			);
			name = Frameworks;
			sourceTree = "<group>";
		};
/* End PBXGroup section */

/* Begin PBXNativeTarget section */
		8F58F2BA1C47DEA800542E34 /* EhouCompass */ = {
			isa = PBXNativeTarget;
			buildConfigurationList = 8F58F2E31C47DEA900542E34 /* Build configuration list for PBXNativeTarget "EhouCompass" */;
			buildPhases = (
				A9683666CD6D671B613BA7EC /* [CP] Check Pods Manifest.lock */,
				8F58F2B71C47DEA800542E34 /* Sources */,
				8F58F2B81C47DEA800542E34 /* Frameworks */,
				8F58F2B91C47DEA800542E34 /* Resources */,
				CA3BB1EA6366AC318E559988 /* [CP] Embed Pods Frameworks */,
				6DB6C1045B3946C264567697 /* [CP] Copy Pods Resources */,
			);
			buildRules = (
			);
			dependencies = (
			);
			name = EhouCompass;
			productName = EhouCompass;
			productReference = 8F58F2BB1C47DEA800542E34 /* EhouCompass.app */;
			productType = "com.apple.product-type.application";
		};
		8F58F2CE1C47DEA900542E34 /* EhouCompassTests */ = {
			isa = PBXNativeTarget;
			buildConfigurationList = 8F58F2E61C47DEA900542E34 /* Build configuration list for PBXNativeTarget "EhouCompassTests" */;
			buildPhases = (
				6CD3D126B417A0886ADD27F0 /* [CP] Check Pods Manifest.lock */,
				8F58F2CB1C47DEA900542E34 /* Sources */,
				8F58F2CC1C47DEA900542E34 /* Frameworks */,
				8F58F2CD1C47DEA900542E34 /* Resources */,
				FF6B66912ABFCB6AF8811387 /* [CP] Embed Pods Frameworks */,
				4AF288DF17BF661CF4B91180 /* [CP] Copy Pods Resources */,
			);
			buildRules = (
			);
			dependencies = (
				8F58F2D11C47DEA900542E34 /* PBXTargetDependency */,
			);
			name = EhouCompassTests;
			productName = EhouCompassTests;
			productReference = 8F58F2CF1C47DEA900542E34 /* EhouCompassTests.xctest */;
			productType = "com.apple.product-type.bundle.unit-test";
		};
		8F58F2D91C47DEA900542E34 /* EhouCompassUITests */ = {
			isa = PBXNativeTarget;
			buildConfigurationList = 8F58F2E91C47DEA900542E34 /* Build configuration list for PBXNativeTarget "EhouCompassUITests" */;
			buildPhases = (
				BB4C290E4666BC106E9FBB3E /* [CP] Check Pods Manifest.lock */,
				8F58F2D61C47DEA900542E34 /* Sources */,
				8F58F2D71C47DEA900542E34 /* Frameworks */,
				8F58F2D81C47DEA900542E34 /* Resources */,
				718F22407DCE1AC18AEA033B /* [CP] Embed Pods Frameworks */,
				16ECC8122FACF363477B32FE /* [CP] Copy Pods Resources */,
			);
			buildRules = (
			);
			dependencies = (
				8F58F2DC1C47DEA900542E34 /* PBXTargetDependency */,
			);
			name = EhouCompassUITests;
			productName = EhouCompassUITests;
			productReference = 8F58F2DA1C47DEA900542E34 /* EhouCompassUITests.xctest */;
			productType = "com.apple.product-type.bundle.ui-testing";
		};
/* End PBXNativeTarget section */

/* Begin PBXProject section */
		8F58F2B31C47DEA800542E34 /* Project object */ = {
			isa = PBXProject;
			attributes = {
				LastSwiftUpdateCheck = 0720;
				LastUpgradeCheck = 0820;
				ORGANIZATIONNAME = "Toshiki Chiba";
				TargetAttributes = {
					8F58F2BA1C47DEA800542E34 = {
						CreatedOnToolsVersion = 7.2;
						DevelopmentTeam = AVWWV46Y77;
						LastSwiftMigration = 0810;
						ProvisioningStyle = Automatic;
					};
					8F58F2CE1C47DEA900542E34 = {
						CreatedOnToolsVersion = 7.2;
						LastSwiftMigration = 0810;
						TestTargetID = 8F58F2BA1C47DEA800542E34;
					};
					8F58F2D91C47DEA900542E34 = {
						CreatedOnToolsVersion = 7.2;
						LastSwiftMigration = 0810;
						TestTargetID = 8F58F2BA1C47DEA800542E34;
					};
				};
			};
			buildConfigurationList = 8F58F2B61C47DEA800542E34 /* Build configuration list for PBXProject "EhouCompass" */;
			compatibilityVersion = "Xcode 3.2";
			developmentRegion = English;
			hasScannedForEncodings = 0;
			knownRegions = (
				en,
				Base,
			);
			mainGroup = 8F58F2B21C47DEA800542E34;
			productRefGroup = 8F58F2BC1C47DEA800542E34 /* Products */;
			projectDirPath = "";
			projectRoot = "";
			targets = (
				8F58F2BA1C47DEA800542E34 /* EhouCompass */,
				8F58F2CE1C47DEA900542E34 /* EhouCompassTests */,
				8F58F2D91C47DEA900542E34 /* EhouCompassUITests */,
			);
		};
/* End PBXProject section */

/* Begin PBXResourcesBuildPhase section */
		8F58F2B91C47DEA800542E34 /* Resources */ = {
			isa = PBXResourcesBuildPhase;
			buildActionMask = 2147483647;
			files = (
				8F58F2F61C4A177800542E34 /* spark.png in Resources */,
				8FC4AE641C50F5C4009535CE /* SpriteScene.sks in Resources */,
				8F58F2C91C47DEA800542E34 /* LaunchScreen.storyboard in Resources */,
				8F58F2F51C4A177800542E34 /* SparkParticle.sks in Resources */,
				8F58F2C61C47DEA800542E34 /* Assets.xcassets in Resources */,
				8F58F2C41C47DEA800542E34 /* Main.storyboard in Resources */,
				DB27D5631E1602F400B2895F /* GoogleService-Info.plist in Resources */,
			);
			runOnlyForDeploymentPostprocessing = 0;
		};
		8F58F2CD1C47DEA900542E34 /* Resources */ = {
			isa = PBXResourcesBuildPhase;
			buildActionMask = 2147483647;
			files = (
			);
			runOnlyForDeploymentPostprocessing = 0;
		};
		8F58F2D81C47DEA900542E34 /* Resources */ = {
			isa = PBXResourcesBuildPhase;
			buildActionMask = 2147483647;
			files = (
			);
			runOnlyForDeploymentPostprocessing = 0;
		};
/* End PBXResourcesBuildPhase section */

/* Begin PBXShellScriptBuildPhase section */
		16ECC8122FACF363477B32FE /* [CP] Copy Pods Resources */ = {
			isa = PBXShellScriptBuildPhase;
			buildActionMask = 2147483647;
			files = (
			);
			inputPaths = (
			);
			name = "[CP] Copy Pods Resources";
			outputPaths = (
			);
			runOnlyForDeploymentPostprocessing = 0;
			shellPath = /bin/sh;
			shellScript = "\"${SRCROOT}/Pods/Target Support Files/Pods-EhouCompassUITests/Pods-EhouCompassUITests-resources.sh\"\n";
			showEnvVarsInLog = 0;
		};
		4AF288DF17BF661CF4B91180 /* [CP] Copy Pods Resources */ = {
			isa = PBXShellScriptBuildPhase;
			buildActionMask = 2147483647;
			files = (
			);
			inputPaths = (
			);
			name = "[CP] Copy Pods Resources";
			outputPaths = (
			);
			runOnlyForDeploymentPostprocessing = 0;
			shellPath = /bin/sh;
			shellScript = "\"${SRCROOT}/Pods/Target Support Files/Pods-EhouCompassTests/Pods-EhouCompassTests-resources.sh\"\n";
			showEnvVarsInLog = 0;
		};
		6CD3D126B417A0886ADD27F0 /* [CP] Check Pods Manifest.lock */ = {
			isa = PBXShellScriptBuildPhase;
			buildActionMask = 2147483647;
			files = (
			);
			inputPaths = (
			);
			name = "[CP] Check Pods Manifest.lock";
			outputPaths = (
			);
			runOnlyForDeploymentPostprocessing = 0;
			shellPath = /bin/sh;
			shellScript = "diff \"${PODS_ROOT}/../Podfile.lock\" \"${PODS_ROOT}/Manifest.lock\" > /dev/null\nif [ $? != 0 ] ; then\n    # print error to STDERR\n    echo \"error: The sandbox is not in sync with the Podfile.lock. Run 'pod install' or update your CocoaPods installation.\" >&2\n    exit 1\nfi\n";
			showEnvVarsInLog = 0;
		};
		6DB6C1045B3946C264567697 /* [CP] Copy Pods Resources */ = {
			isa = PBXShellScriptBuildPhase;
			buildActionMask = 2147483647;
			files = (
			);
			inputPaths = (
			);
			name = "[CP] Copy Pods Resources";
			outputPaths = (
			);
			runOnlyForDeploymentPostprocessing = 0;
			shellPath = /bin/sh;
			shellScript = "\"${SRCROOT}/Pods/Target Support Files/Pods-EhouCompass/Pods-EhouCompass-resources.sh\"\n";
			showEnvVarsInLog = 0;
		};
		718F22407DCE1AC18AEA033B /* [CP] Embed Pods Frameworks */ = {
			isa = PBXShellScriptBuildPhase;
			buildActionMask = 2147483647;
			files = (
			);
			inputPaths = (
			);
			name = "[CP] Embed Pods Frameworks";
			outputPaths = (
			);
			runOnlyForDeploymentPostprocessing = 0;
			shellPath = /bin/sh;
			shellScript = "\"${SRCROOT}/Pods/Target Support Files/Pods-EhouCompassUITests/Pods-EhouCompassUITests-frameworks.sh\"\n";
			showEnvVarsInLog = 0;
		};
		A9683666CD6D671B613BA7EC /* [CP] Check Pods Manifest.lock */ = {
			isa = PBXShellScriptBuildPhase;
			buildActionMask = 2147483647;
			files = (
			);
			inputPaths = (
			);
			name = "[CP] Check Pods Manifest.lock";
			outputPaths = (
			);
			runOnlyForDeploymentPostprocessing = 0;
			shellPath = /bin/sh;
			shellScript = "diff \"${PODS_ROOT}/../Podfile.lock\" \"${PODS_ROOT}/Manifest.lock\" > /dev/null\nif [ $? != 0 ] ; then\n    # print error to STDERR\n    echo \"error: The sandbox is not in sync with the Podfile.lock. Run 'pod install' or update your CocoaPods installation.\" >&2\n    exit 1\nfi\n";
			showEnvVarsInLog = 0;
		};
		BB4C290E4666BC106E9FBB3E /* [CP] Check Pods Manifest.lock */ = {
			isa = PBXShellScriptBuildPhase;
			buildActionMask = 2147483647;
			files = (
			);
			inputPaths = (
			);
			name = "[CP] Check Pods Manifest.lock";
			outputPaths = (
			);
			runOnlyForDeploymentPostprocessing = 0;
			shellPath = /bin/sh;
			shellScript = "diff \"${PODS_ROOT}/../Podfile.lock\" \"${PODS_ROOT}/Manifest.lock\" > /dev/null\nif [ $? != 0 ] ; then\n    # print error to STDERR\n    echo \"error: The sandbox is not in sync with the Podfile.lock. Run 'pod install' or update your CocoaPods installation.\" >&2\n    exit 1\nfi\n";
			showEnvVarsInLog = 0;
		};
		CA3BB1EA6366AC318E559988 /* [CP] Embed Pods Frameworks */ = {
			isa = PBXShellScriptBuildPhase;
			buildActionMask = 2147483647;
			files = (
			);
			inputPaths = (
			);
			name = "[CP] Embed Pods Frameworks";
			outputPaths = (
			);
			runOnlyForDeploymentPostprocessing = 0;
			shellPath = /bin/sh;
			shellScript = "\"${SRCROOT}/Pods/Target Support Files/Pods-EhouCompass/Pods-EhouCompass-frameworks.sh\"\n";
			showEnvVarsInLog = 0;
		};
		FF6B66912ABFCB6AF8811387 /* [CP] Embed Pods Frameworks */ = {
			isa = PBXShellScriptBuildPhase;
			buildActionMask = 2147483647;
			files = (
			);
			inputPaths = (
			);
			name = "[CP] Embed Pods Frameworks";
			outputPaths = (
			);
			runOnlyForDeploymentPostprocessing = 0;
			shellPath = /bin/sh;
			shellScript = "\"${SRCROOT}/Pods/Target Support Files/Pods-EhouCompassTests/Pods-EhouCompassTests-frameworks.sh\"\n";
			showEnvVarsInLog = 0;
		};
/* End PBXShellScriptBuildPhase section */

/* Begin PBXSourcesBuildPhase section */
		8F58F2B71C47DEA800542E34 /* Sources */ = {
			isa = PBXSourcesBuildPhase;
			buildActionMask = 2147483647;
			files = (
				DB27D5691E1648E500B2895F /* InterstitialController.swift in Sources */,
				8F58F2F01C47E80B00542E34 /* Empty.m in Sources */,
				8F58F2C11C47DEA800542E34 /* ViewController.swift in Sources */,
				8F58F2BF1C47DEA800542E34 /* AppDelegate.swift in Sources */,
				DB27D5651E16432300B2895F /* ActivityViewController.swift in Sources */,
				DB42A6591E3C758F00BF32D8 /* SpeechController.swift in Sources */,
				DB27D56B1E16523D00B2895F /* ADCheckManager.swift in Sources */,
				8F58F2F21C493C9300542E34 /* SettingViewController.swift in Sources */,
				DB27D5671E1643E200B2895F /* SpriteScene.swift in Sources */,
			);
			runOnlyForDeploymentPostprocessing = 0;
		};
		8F58F2CB1C47DEA900542E34 /* Sources */ = {
			isa = PBXSourcesBuildPhase;
			buildActionMask = 2147483647;
			files = (
			);
			runOnlyForDeploymentPostprocessing = 0;
		};
		8F58F2D61C47DEA900542E34 /* Sources */ = {
			isa = PBXSourcesBuildPhase;
			buildActionMask = 2147483647;
			files = (
			);
			runOnlyForDeploymentPostprocessing = 0;
		};
/* End PBXSourcesBuildPhase section */

/* Begin PBXTargetDependency section */
		8F58F2D11C47DEA900542E34 /* PBXTargetDependency */ = {
			isa = PBXTargetDependency;
			target = 8F58F2BA1C47DEA800542E34 /* EhouCompass */;
			targetProxy = 8F58F2D01C47DEA900542E34 /* PBXContainerItemProxy */;
		};
		8F58F2DC1C47DEA900542E34 /* PBXTargetDependency */ = {
			isa = PBXTargetDependency;
			target = 8F58F2BA1C47DEA800542E34 /* EhouCompass */;
			targetProxy = 8F58F2DB1C47DEA900542E34 /* PBXContainerItemProxy */;
		};
/* End PBXTargetDependency section */

/* Begin PBXVariantGroup section */
		8F58F2C21C47DEA800542E34 /* Main.storyboard */ = {
			isa = PBXVariantGroup;
			children = (
				8F58F2C31C47DEA800542E34 /* Base */,
			);
			name = Main.storyboard;
			sourceTree = "<group>";
		};
		8F58F2C71C47DEA800542E34 /* LaunchScreen.storyboard */ = {
			isa = PBXVariantGroup;
			children = (
				8F58F2C81C47DEA800542E34 /* Base */,
			);
			name = LaunchScreen.storyboard;
			sourceTree = "<group>";
		};
/* End PBXVariantGroup section */

/* Begin XCBuildConfiguration section */
		8F58F2E11C47DEA900542E34 /* Debug */ = {
			isa = XCBuildConfiguration;
			buildSettings = {
				ALWAYS_SEARCH_USER_PATHS = NO;
				CLANG_CXX_LANGUAGE_STANDARD = "gnu++0x";
				CLANG_CXX_LIBRARY = "libc++";
				CLANG_ENABLE_MODULES = YES;
				CLANG_ENABLE_OBJC_ARC = YES;
				CLANG_WARN_BOOL_CONVERSION = YES;
				CLANG_WARN_CONSTANT_CONVERSION = YES;
				CLANG_WARN_DIRECT_OBJC_ISA_USAGE = YES_ERROR;
				CLANG_WARN_EMPTY_BODY = YES;
				CLANG_WARN_ENUM_CONVERSION = YES;
				CLANG_WARN_INFINITE_RECURSION = YES;
				CLANG_WARN_INT_CONVERSION = YES;
				CLANG_WARN_OBJC_ROOT_CLASS = YES_ERROR;
				CLANG_WARN_SUSPICIOUS_MOVE = YES;
				CLANG_WARN_UNREACHABLE_CODE = YES;
				CLANG_WARN__DUPLICATE_METHOD_MATCH = YES;
				CODE_SIGN_IDENTITY = "iPhone Developer: Toshiki Chiba (R2U3DJS2ZM)";
				"CODE_SIGN_IDENTITY[sdk=iphoneos*]" = "";
				COPY_PHASE_STRIP = NO;
				DEBUG_INFORMATION_FORMAT = dwarf;
				ENABLE_STRICT_OBJC_MSGSEND = YES;
				ENABLE_TESTABILITY = YES;
				GCC_C_LANGUAGE_STANDARD = gnu99;
				GCC_DYNAMIC_NO_PIC = NO;
				GCC_NO_COMMON_BLOCKS = YES;
				GCC_OPTIMIZATION_LEVEL = 0;
				GCC_PREPROCESSOR_DEFINITIONS = (
					"DEBUG=1",
					"$(inherited)",
				);
				GCC_WARN_64_TO_32_BIT_CONVERSION = YES;
				GCC_WARN_ABOUT_RETURN_TYPE = YES_ERROR;
				GCC_WARN_UNDECLARED_SELECTOR = YES;
				GCC_WARN_UNINITIALIZED_AUTOS = YES_AGGRESSIVE;
				GCC_WARN_UNUSED_FUNCTION = YES;
				GCC_WARN_UNUSED_VARIABLE = YES;
				IPHONEOS_DEPLOYMENT_TARGET = 8.0;
				MTL_ENABLE_DEBUG_INFO = YES;
				ONLY_ACTIVE_ARCH = YES;
				SDKROOT = iphoneos;
				SWIFT_OPTIMIZATION_LEVEL = "-Onone";
			};
			name = Debug;
		};
		8F58F2E21C47DEA900542E34 /* Release */ = {
			isa = XCBuildConfiguration;
			buildSettings = {
				ALWAYS_SEARCH_USER_PATHS = NO;
				CLANG_CXX_LANGUAGE_STANDARD = "gnu++0x";
				CLANG_CXX_LIBRARY = "libc++";
				CLANG_ENABLE_MODULES = YES;
				CLANG_ENABLE_OBJC_ARC = YES;
				CLANG_WARN_BOOL_CONVERSION = YES;
				CLANG_WARN_CONSTANT_CONVERSION = YES;
				CLANG_WARN_DIRECT_OBJC_ISA_USAGE = YES_ERROR;
				CLANG_WARN_EMPTY_BODY = YES;
				CLANG_WARN_ENUM_CONVERSION = YES;
				CLANG_WARN_INFINITE_RECURSION = YES;
				CLANG_WARN_INT_CONVERSION = YES;
				CLANG_WARN_OBJC_ROOT_CLASS = YES_ERROR;
				CLANG_WARN_SUSPICIOUS_MOVE = YES;
				CLANG_WARN_UNREACHABLE_CODE = YES;
				CLANG_WARN__DUPLICATE_METHOD_MATCH = YES;
				CODE_SIGN_IDENTITY = "iPhone Distribution: Toshiki Chiba (AVWWV46Y77)";
				"CODE_SIGN_IDENTITY[sdk=iphoneos*]" = "";
				COPY_PHASE_STRIP = NO;
				DEBUG_INFORMATION_FORMAT = "dwarf-with-dsym";
				ENABLE_NS_ASSERTIONS = NO;
				ENABLE_STRICT_OBJC_MSGSEND = YES;
				GCC_C_LANGUAGE_STANDARD = gnu99;
				GCC_NO_COMMON_BLOCKS = YES;
				GCC_WARN_64_TO_32_BIT_CONVERSION = YES;
				GCC_WARN_ABOUT_RETURN_TYPE = YES_ERROR;
				GCC_WARN_UNDECLARED_SELECTOR = YES;
				GCC_WARN_UNINITIALIZED_AUTOS = YES_AGGRESSIVE;
				GCC_WARN_UNUSED_FUNCTION = YES;
				GCC_WARN_UNUSED_VARIABLE = YES;
				IPHONEOS_DEPLOYMENT_TARGET = 8.0;
				MTL_ENABLE_DEBUG_INFO = NO;
				PROVISIONING_PROFILE = "fdf1db65-69c6-4fd6-8318-cad28b080bb5";
				SDKROOT = iphoneos;
				SWIFT_OPTIMIZATION_LEVEL = "-Owholemodule";
				VALIDATE_PRODUCT = YES;
			};
			name = Release;
		};
		8F58F2E41C47DEA900542E34 /* Debug */ = {
			isa = XCBuildConfiguration;
			baseConfigurationReference = D26BB0ABE2EA6FF25686216A /* Pods-EhouCompass.debug.xcconfig */;
			buildSettings = {
				ALWAYS_EMBED_SWIFT_STANDARD_LIBRARIES = YES;
				ASSETCATALOG_COMPILER_APPICON_NAME = AppIcon;
				CLANG_ENABLE_MODULES = YES;
				CODE_SIGN_IDENTITY = "iPhone Developer: Toshiki Chiba (R2U3DJS2ZM)";
				"CODE_SIGN_IDENTITY[sdk=iphoneos*]" = "iPhone Developer";
				INFOPLIST_FILE = EhouCompass/Info.plist;
				IPHONEOS_DEPLOYMENT_TARGET = 9.0;
				LD_RUNPATH_SEARCH_PATHS = "$(inherited) @executable_path/Frameworks";
				PRODUCT_BUNDLE_IDENTIFIER = com.toshikichiba.EhouCompass;
				PRODUCT_NAME = "$(TARGET_NAME)";
				SWIFT_OBJC_BRIDGING_HEADER = "EhouCompass/EhouCompass-Bridging-Header.h";
				SWIFT_OPTIMIZATION_LEVEL = "-Onone";
				SWIFT_VERSION = 3.0;
				TARGETED_DEVICE_FAMILY = "1,2";
			};
			name = Debug;
		};
		8F58F2E51C47DEA900542E34 /* Release */ = {
			isa = XCBuildConfiguration;
			baseConfigurationReference = FD6ABF209AA2D0F2D122A826 /* Pods-EhouCompass.release.xcconfig */;
			buildSettings = {
				ALWAYS_EMBED_SWIFT_STANDARD_LIBRARIES = YES;
				ASSETCATALOG_COMPILER_APPICON_NAME = AppIcon;
				CLANG_ENABLE_MODULES = YES;
				CODE_SIGN_IDENTITY = "iPhone Distribution: Toshiki Chiba (AVWWV46Y77)";
				"CODE_SIGN_IDENTITY[sdk=iphoneos*]" = "iPhone Developer";
				INFOPLIST_FILE = EhouCompass/Info.plist;
				IPHONEOS_DEPLOYMENT_TARGET = 9.0;
				LD_RUNPATH_SEARCH_PATHS = "$(inherited) @executable_path/Frameworks";
				PRODUCT_BUNDLE_IDENTIFIER = com.toshikichiba.EhouCompass;
				PRODUCT_NAME = "$(TARGET_NAME)";
				SWIFT_OBJC_BRIDGING_HEADER = "EhouCompass/EhouCompass-Bridging-Header.h";
				SWIFT_VERSION = 3.0;
				TARGETED_DEVICE_FAMILY = "1,2";
			};
			name = Release;
		};
		8F58F2E71C47DEA900542E34 /* Debug */ = {
			isa = XCBuildConfiguration;
			baseConfigurationReference = 99B43D13874D6AF3A52104F5 /* Pods-EhouCompassTests.debug.xcconfig */;
			buildSettings = {
				BUNDLE_LOADER = "$(TEST_HOST)";
				INFOPLIST_FILE = EhouCompassTests/Info.plist;
				LD_RUNPATH_SEARCH_PATHS = "$(inherited) @executable_path/Frameworks @loader_path/Frameworks";
				PRODUCT_BUNDLE_IDENTIFIER = com.toshikichiba.EhouCompassTests;
				PRODUCT_NAME = "$(TARGET_NAME)";
				SWIFT_VERSION = 3.0;
				TEST_HOST = "$(BUILT_PRODUCTS_DIR)/EhouCompass.app/EhouCompass";
			};
			name = Debug;
		};
		8F58F2E81C47DEA900542E34 /* Release */ = {
			isa = XCBuildConfiguration;
			baseConfigurationReference = DB265170031A7891F0FF829F /* Pods-EhouCompassTests.release.xcconfig */;
			buildSettings = {
				BUNDLE_LOADER = "$(TEST_HOST)";
				INFOPLIST_FILE = EhouCompassTests/Info.plist;
				LD_RUNPATH_SEARCH_PATHS = "$(inherited) @executable_path/Frameworks @loader_path/Frameworks";
				PRODUCT_BUNDLE_IDENTIFIER = com.toshikichiba.EhouCompassTests;
				PRODUCT_NAME = "$(TARGET_NAME)";
				SWIFT_VERSION = 3.0;
				TEST_HOST = "$(BUILT_PRODUCTS_DIR)/EhouCompass.app/EhouCompass";
			};
			name = Release;
		};
		8F58F2EA1C47DEA900542E34 /* Debug */ = {
			isa = XCBuildConfiguration;
			baseConfigurationReference = CD5E9388893ACFA30837364C /* Pods-EhouCompassUITests.debug.xcconfig */;
			buildSettings = {
				INFOPLIST_FILE = EhouCompassUITests/Info.plist;
				LD_RUNPATH_SEARCH_PATHS = "$(inherited) @executable_path/Frameworks @loader_path/Frameworks";
				PRODUCT_BUNDLE_IDENTIFIER = com.toshikichiba.EhouCompassUITests;
				PRODUCT_NAME = "$(TARGET_NAME)";
				SWIFT_VERSION = 3.0;
				TEST_TARGET_NAME = EhouCompass;
				USES_XCTRUNNER = YES;
			};
			name = Debug;
		};
		8F58F2EB1C47DEA900542E34 /* Release */ = {
			isa = XCBuildConfiguration;
			baseConfigurationReference = DA1A87973F1CC66F7CE4973F /* Pods-EhouCompassUITests.release.xcconfig */;
			buildSettings = {
				INFOPLIST_FILE = EhouCompassUITests/Info.plist;
				LD_RUNPATH_SEARCH_PATHS = "$(inherited) @executable_path/Frameworks @loader_path/Frameworks";
				PRODUCT_BUNDLE_IDENTIFIER = com.toshikichiba.EhouCompassUITests;
				PRODUCT_NAME = "$(TARGET_NAME)";
				SWIFT_VERSION = 3.0;
				TEST_TARGET_NAME = EhouCompass;
				USES_XCTRUNNER = YES;
			};
			name = Release;
		};
/* End XCBuildConfiguration section */

/* Begin XCConfigurationList section */
		8F58F2B61C47DEA800542E34 /* Build configuration list for PBXProject "EhouCompass" */ = {
			isa = XCConfigurationList;
			buildConfigurations = (
				8F58F2E11C47DEA900542E34 /* Debug */,
				8F58F2E21C47DEA900542E34 /* Release */,
			);
			defaultConfigurationIsVisible = 0;
			defaultConfigurationName = Release;
		};
		8F58F2E31C47DEA900542E34 /* Build configuration list for PBXNativeTarget "EhouCompass" */ = {
			isa = XCConfigurationList;
			buildConfigurations = (
				8F58F2E41C47DEA900542E34 /* Debug */,
				8F58F2E51C47DEA900542E34 /* Release */,
			);
			defaultConfigurationIsVisible = 0;
			defaultConfigurationName = Release;
		};
		8F58F2E61C47DEA900542E34 /* Build configuration list for PBXNativeTarget "EhouCompassTests" */ = {
			isa = XCConfigurationList;
			buildConfigurations = (
				8F58F2E71C47DEA900542E34 /* Debug */,
				8F58F2E81C47DEA900542E34 /* Release */,
			);
			defaultConfigurationIsVisible = 0;
			defaultConfigurationName = Release;
		};
		8F58F2E91C47DEA900542E34 /* Build configuration list for PBXNativeTarget "EhouCompassUITests" */ = {
			isa = XCConfigurationList;
			buildConfigurations = (
				8F58F2EA1C47DEA900542E34 /* Debug */,
				8F58F2EB1C47DEA900542E34 /* Release */,
			);
			defaultConfigurationIsVisible = 0;
			defaultConfigurationName = Release;
		};
/* End XCConfigurationList section */
	};
	rootObject = 8F58F2B31C47DEA800542E34 /* Project object */;
}
